# This file is automatically @generated by Cargo.
# It is not intended for manual editing.
version = 4

[[package]]
name = "app-android"
version = "0.1.0"
dependencies = [
 "cad-app",
 "cad-domain",
 "cad-platform",
 "cad-ui-slint",
]

[[package]]
name = "app-web"
version = "0.1.0"
dependencies = [
 "cad-app",
 "cad-domain",
 "cad-platform",
 "cad-ui-slint",
]

[[package]]
name = "cad-annotations"
version = "0.1.0"
dependencies = [
 "cad-db",
 "cad-domain",
 "cad-geometry",
 "cad-measure",
]

[[package]]
name = "cad-app"
version = "0.1.0"
dependencies = [
 "cad-annotations",
 "cad-db",
 "cad-dependencies",
 "cad-diagnostics",
 "cad-domain",
 "cad-history",
 "cad-import-acadrust",
 "cad-measure",
 "cad-platform",
 "cad-query",
 "cad-representation",
 "cad-resources",
 "cad-scene",
]

[[package]]
name = "cad-cli-tools"
version = "0.1.0"
dependencies = [
 "cad-annotations",
 "cad-app",
 "cad-db",
 "cad-diagnostics",
 "cad-domain",
 "cad-import-acadrust",
 "cad-measure",
 "cad-proxy",
 "cad-representation",
 "cad-resources",
]

[[package]]
name = "cad-db"
version = "0.1.0"
dependencies = [
 "cad-domain",
]

[[package]]
name = "cad-dependencies"
version = "0.1.0"
dependencies = [
 "cad-db",
 "cad-domain",
]

[[package]]
name = "cad-diagnostics"
version = "0.1.0"
dependencies = [
 "cad-domain",
]

[[package]]
name = "cad-domain"
version = "0.1.0"

[[package]]
name = "cad-geometry"
version = "0.1.0"
dependencies = [
 "cad-domain",
]

[[package]]
name = "cad-history"
version = "0.1.0"
dependencies = [
 "cad-db",
 "cad-domain",
]

[[package]]
name = "cad-import-acadrust"
version = "0.1.0"
dependencies = [
 "cad-db",
 "cad-diagnostics",
 "cad-domain",
 "cad-proxy",
 "cad-resources",
]

[[package]]
name = "cad-kernel-adapter"
version = "0.1.0"
dependencies = [
 "cad-domain",
 "cad-geometry",
]

[[package]]
name = "cad-measure"
version = "0.1.0"
dependencies = [
 "cad-db",
 "cad-domain",
 "cad-geometry",
 "cad-spatial",
]

[[package]]
name = "cad-platform"
version = "0.1.0"
dependencies = [
 "cad-domain",
]

[[package]]
name = "cad-proxy"
version = "0.1.0"
dependencies = [
 "cad-domain",
]

[[package]]
name = "cad-query"
version = "0.1.0"
dependencies = [
 "cad-annotations",
 "cad-db",
 "cad-dependencies",
 "cad-domain",
]

[[package]]
name = "cad-render-wgpu"
version = "0.1.0"
dependencies = [
 "cad-domain",
 "cad-geometry",
 "cad-scene",
]

[[package]]
name = "cad-representation"
version = "0.1.0"
dependencies = [
 "cad-db",
 "cad-domain",
 "cad-geometry",
 "cad-kernel-adapter",
 "cad-proxy",
 "cad-resources",
]

[[package]]
name = "cad-resources"
version = "0.1.0"
dependencies = [
 "cad-domain",
]

[[package]]
name = "cad-scene"
version = "0.1.0"
dependencies = [
 "cad-db",
 "cad-dependencies",
 "cad-domain",
 "cad-geometry",
 "cad-representation",
 "cad-spatial",
]

[[package]]
name = "cad-spatial"
version = "0.1.0"
dependencies = [
 "cad-domain",
 "cad-geometry",
]

[[package]]
name = "cad-ui-slint"
version = "0.1.0"
dependencies = [
 "cad-app",
 "cad-domain",
 "cad-measure",
 "cad-query",
]
